
Microsoft Visual Studio Solution File, Format Version 12.00
# Visual Studio Version 17
VisualStudioVersion = 17.1.32414.318
MinimumVisualStudioVersion = 10.0.40219.1
Project("{9A19103F-16F7-4668-BE54-9A1E7A4F7556}") = "webApi", "webApi\webApi.csproj", "{8357D0E1-47FC-413B-B6B8-1B85665F202C}"
EndProject
Project("{2150E333-8FDC-42A3-9474-1A3956D46DE8}") = "Solution Items", "Solution Items", "{455E7CF6-340B-4CF6-97C3-98AB5A8EC844}"
	ProjectSection(SolutionItems) = preProject
		.editorconfig = .editorconfig
	EndProjectSection
EndProject
Global
	GlobalSection(SolutionConfigurationPlatforms) = preSolution
		Debug|Any CPU = Debug|Any CPU
		Release|Any CPU = Release|Any CPU
	EndGlobalSection
	GlobalSection(ProjectConfigurationPlatforms) = postSolution
		{8357D0E1-47FC-413B-B6B8-1B85665F202C}.Debug|Any CPU.ActiveCfg = Debug|Any CPU
		{8357D0E1-47FC-413B-B6B8-1B85665F202C}.Debug|Any CPU.Build.0 = Debug|Any CPU
		{8357D0E1-47FC-413B-B6B8-1B85665F202C}.Release|Any CPU.ActiveCfg = Release|Any CPU
		{8357D0E1-47FC-413B-B6B8-1B85665F202C}.Release|Any CPU.Build.0 = Release|Any CPU
	EndGlobalSection
	GlobalSection(SolutionProperties) = preSolution
		HideSolutionNode = FALSE
	EndGlobalSection
	GlobalSection(ExtensibilityGlobals) = postSolution
		SolutionGuid = {1F0DFF09-5EB0-4246-B2C4-8F39ED6D26C4}
	EndGlobalSection
EndGlobal
